{
    "_readme": [
        "This file locks the dependencies of your project to a known state",
        "Read more about it at https://getcomposer.org/doc/01-basic-usage.md#installing-dependencies",
        "This file is @generated automatically"
    ],
    "content-hash": "9729953a290a4ac9c06259abefc45d85",
    "packages": [
        {
            "name": "typo3fluid/fluid",
            "version": "4.0.3",
            "source": {
                "type": "git",
                "url": "https://github.com/TYPO3/Fluid.git",
                "reference": "047c347a713bbe1a0a0dc23071afc52516bfd129"
            },
            "dist": {
                "type": "zip",
                "url": "https://api.github.com/repos/TYPO3/Fluid/zipball/047c347a713bbe1a0a0dc23071afc52516bfd129",
                "reference": "047c347a713bbe1a0a0dc23071afc52516bfd129",
                "shasum": ""
            },
            "require": {
                "ext-mbstring": "*",
                "php": "^8.2"
            },
            "require-dev": {
                "ext-json": "*",
                "ext-simplexml": "*",
                "friendsofphp/php-cs-fixer": "^3.59.3",
                "phpstan/phpstan": "^2.0.2",
                "phpstan/phpstan-phpunit": "^2.0.1",
                "phpunit/phpunit": "^11.4.3",
                "psr/container": "^2.0",
                "t3docs/fluid-documentation-generator": "^4.3"
            },
            "suggest": {
                "ext-json": "PHP JSON is needed when using JSONVariableProvider: A relatively rare use case",
                "ext-simplexml": "SimpleXML is required for the XSD schema generator"
            },
            "bin": [
                "bin/fluid"
            ],
            "type": "library",
            "autoload": {
                "psr-4": {
                    "TYPO3Fluid\\Fluid\\": "src/"
                }
            },
            "notification-url": "https://packagist.org/downloads/",
            "license": [
                "LGPL-3.0-or-later"
            ],
            "description": "The TYPO3 Fluid template rendering engine",
            "homepage": "https://github.com/TYPO3/Fluid",
            "support": {
                "docs": "https://docs.typo3.org/other/typo3fluid/fluid/main/en-us/",
                "issues": "https://github.com/TYPO3/Fluid/issues",
                "source": "https://github.com/TYPO3/Fluid"
            },
            "time": "2025-01-21T08:54:13+00:00"
        }
    ],
    "packages-dev": [],
    "aliases": [],
    "minimum-stability": "stable",
    "stability-flags": {},
    "prefer-stable": false,
    "prefer-lowest": false,
    "platform": {},
    "platform-dev": {},
    "plugin-api-version": "2.6.0"
}
